{
  "name": "flowcss-website",
  "lockfileVersion": 3,
  "requires": true,
  "packages": {
    "": {
      "dependencies": {
        "flowcss-style": "^1.0.0"
      }
    },
    "node_modules/flowcss-style": {
      "version": "1.0.0",
      "resolved": "https://registry.npmjs.org/flowcss-style/-/flowcss-style-1.0.0.tgz",
      "integrity": "sha512-obC5KPwoG0f80Pi5PexaVZpGwh5rg7hozvXiipDs8o/3W04zbuu0FQ0VKj6pojLifJq8s7vipJP26SWa/+CdUA==",
      "license": "MIT"
    }
  }
}
